
Microsoft Visual Studio Solution File, Format Version 12.00
# Visual Studio Version 16
VisualStudioVersion = 16.0.30503.244
MinimumVisualStudioVersion = 10.0.40219.1
Project("{FAE04EC0-301F-11D3-BF4B-00C04F79EFBC}") = "Лабораторная работа №3", "Лабораторная работа №3\Лабораторная работа №3.csproj", "{F5100C8B-A80A-48EA-BBC6-2661811A88B0}"
EndProject
Global
	GlobalSection(SolutionConfigurationPlatforms) = preSolution
		Debug|Any CPU = Debug|Any CPU
		Release|Any CPU = Release|Any CPU
	EndGlobalSection
	GlobalSection(ProjectConfigurationPlatforms) = postSolution
		{F5100C8B-A80A-48EA-BBC6-2661811A88B0}.Debug|Any CPU.ActiveCfg = Debug|Any CPU
		{F5100C8B-A80A-48EA-BBC6-2661811A88B0}.Debug|Any CPU.Build.0 = Debug|Any CPU
		{F5100C8B-A80A-48EA-BBC6-2661811A88B0}.Release|Any CPU.ActiveCfg = Release|Any CPU
		{F5100C8B-A80A-48EA-BBC6-2661811A88B0}.Release|Any CPU.Build.0 = Release|Any CPU
	EndGlobalSection
	GlobalSection(SolutionProperties) = preSolution
		HideSolutionNode = FALSE
	EndGlobalSection
	GlobalSection(ExtensibilityGlobals) = postSolution
		SolutionGuid = {DA8BE7A9-62B3-4E94-849C-0E5CA96AD431}
	EndGlobalSection
EndGlobal
